
Microsoft Visual Studio Solution File, Format Version 12.00
# Visual Studio Version 16
VisualStudioVersion = 16.0.30907.101
MinimumVisualStudioVersion = 10.0.40219.1
Project("{FAE04EC0-301F-11D3-BF4B-00C04F79EFBC}") = "Problem1", "P-All_Types_of_Collections\Problem1.csproj", "{A442085D-C54F-48BF-B584-18D84947FF65}"
EndProject
Project("{FAE04EC0-301F-11D3-BF4B-00C04F79EFBC}") = "Problem2", "Problem2\Problem2.csproj", "{1838F07D-C2C4-4FD2-B099-1C64E3864B3A}"
EndProject
Project("{FAE04EC0-301F-11D3-BF4B-00C04F79EFBC}") = "Problem3", "Problem3\Problem3.csproj", "{541DCCE6-7678-4ED5-9891-9B692DCA054F}"
EndProject
Global
	GlobalSection(SolutionConfigurationPlatforms) = preSolution
		Debug|Any CPU = Debug|Any CPU
		Release|Any CPU = Release|Any CPU
	EndGlobalSection
	GlobalSection(ProjectConfigurationPlatforms) = postSolution
		{A442085D-C54F-48BF-B584-18D84947FF65}.Debug|Any CPU.ActiveCfg = Debug|Any CPU
		{A442085D-C54F-48BF-B584-18D84947FF65}.Debug|Any CPU.Build.0 = Debug|Any CPU
		{A442085D-C54F-48BF-B584-18D84947FF65}.Release|Any CPU.ActiveCfg = Release|Any CPU
		{A442085D-C54F-48BF-B584-18D84947FF65}.Release|Any CPU.Build.0 = Release|Any CPU
		{1838F07D-C2C4-4FD2-B099-1C64E3864B3A}.Debug|Any CPU.ActiveCfg = Debug|Any CPU
		{1838F07D-C2C4-4FD2-B099-1C64E3864B3A}.Debug|Any CPU.Build.0 = Debug|Any CPU
		{1838F07D-C2C4-4FD2-B099-1C64E3864B3A}.Release|Any CPU.ActiveCfg = Release|Any CPU
		{1838F07D-C2C4-4FD2-B099-1C64E3864B3A}.Release|Any CPU.Build.0 = Release|Any CPU
		{541DCCE6-7678-4ED5-9891-9B692DCA054F}.Debug|Any CPU.ActiveCfg = Debug|Any CPU
		{541DCCE6-7678-4ED5-9891-9B692DCA054F}.Debug|Any CPU.Build.0 = Debug|Any CPU
		{541DCCE6-7678-4ED5-9891-9B692DCA054F}.Release|Any CPU.ActiveCfg = Release|Any CPU
		{541DCCE6-7678-4ED5-9891-9B692DCA054F}.Release|Any CPU.Build.0 = Release|Any CPU
	EndGlobalSection
	GlobalSection(SolutionProperties) = preSolution
		HideSolutionNode = FALSE
	EndGlobalSection
	GlobalSection(ExtensibilityGlobals) = postSolution
		SolutionGuid = {AE9C9F18-D881-4165-96AB-FECCC68AE6D2}
	EndGlobalSection
EndGlobal
